<?xml version="1.0" encoding="utf-8"?>
<Project ToolsVersion="4.0" xmlns="http://schemas.microsoft.com/developer/msbuild/2003">
  <ItemGroup>
    <Filter Include="Library">
      <UniqueIdentifier>{d9a66287-d690-4305-80cf-e5b7fceb5df8}</UniqueIdentifier>
    </Filter>
  </ItemGroup>
  <ItemGroup>
    <ClCompile Include="..\..\..\..\Arduino\libraries\IoTRepublic\IoTRepublic.cpp">
      <Filter>Library</Filter>
    </ClCompile>
    <ClCompile Include="..\..\..\..\Arduino\libraries\SensorLibrary\SensorLib.cpp">
      <Filter>Library</Filter>
    </ClCompile>
  </ItemGroup>
  <ItemGroup>
    <ClInclude Include="..\..\..\..\Arduino\libraries\IoTRepublic\IoTRepublic.h">
      <Filter>Library</Filter>
    </ClInclude>
    <ClInclude Include="..\..\..\..\Arduino\libraries\SensorLibrary\SensorLib.h">
      <Filter>Library</Filter>
    </ClInclude>
  </ItemGroup>
</Project>