<?xml version="1.0" encoding="utf-8"?>
<Project ToolsVersion="4.0" xmlns="http://schemas.microsoft.com/developer/msbuild/2003">
  <ItemGroup>
    <Filter Include="Utility">
      <UniqueIdentifier>{3b908711-2e28-4107-b569-816e65a7f420}</UniqueIdentifier>
    </Filter>
    <Filter Include="BLEBeeBroker">
      <UniqueIdentifier>{60724b6d-bb6b-43e6-b8b0-7fb07ce1cfd5}</UniqueIdentifier>
    </Filter>
    <Filter Include="XBeeBroker_AT">
      <UniqueIdentifier>{bc95b10e-7ffd-4c34-a485-89c8a20bb6a5}</UniqueIdentifier>
    </Filter>
    <Filter Include="XBeeBroker_API">
      <UniqueIdentifier>{2f372576-887e-48b7-9c04-aa0d1d740ea2}</UniqueIdentifier>
    </Filter>
  </ItemGroup>
  <ItemGroup>
    <ClCompile Include="..\BroadcastServer.cpp" />
    <ClCompile Include="..\IoTService.cpp" />
    <ClCompile Include="..\Utility\file.cpp">
      <Filter>Utility</Filter>
    </ClCompile>
    <ClCompile Include="..\Utility\IoTUtility.cpp">
      <Filter>Utility</Filter>
    </ClCompile>
    <ClCompile Include="..\Utility\jsFileParser.cpp">
      <Filter>Utility</Filter>
    </ClCompile>
    <ClCompile Include="..\Utility\jsmn.cpp">
      <Filter>Utility</Filter>
    </ClCompile>
    <ClCompile Include="..\Utility\thread.cpp">
      <Filter>Utility</Filter>
    </ClCompile>
    <ClCompile Include="..\Utility\rs232.cpp">
      <Filter>Utility</Filter>
    </ClCompile>
    <ClCompile Include="..\BLEBeeBroker\BLEBeeBroker.cpp">
      <Filter>BLEBeeBroker</Filter>
    </ClCompile>
    <ClCompile Include="..\XBeeBroker_API\XBeeApiMode.cpp">
      <Filter>XBeeBroker_API</Filter>
    </ClCompile>
    <ClCompile Include="..\XBeeBroker_API\XBeeBroker.cpp">
      <Filter>XBeeBroker_API</Filter>
    </ClCompile>
    <ClCompile Include="..\XBeeBroker_AT\XBeeBroker_AT.cpp">
      <Filter>XBeeBroker_AT</Filter>
    </ClCompile>
    <ClCompile Include="..\XBeeBroker_API\XBeeBroker_API.cpp">
      <Filter>XBeeBroker_API</Filter>
    </ClCompile>
  </ItemGroup>
  <ItemGroup>
    <ClInclude Include="..\BroadcastServer.h" />
    <ClInclude Include="..\IoTService.h" />
    <ClInclude Include="..\Utility\file.h">
      <Filter>Utility</Filter>
    </ClInclude>
    <ClInclude Include="..\Utility\IoTSocket.h">
      <Filter>Utility</Filter>
    </ClInclude>
    <ClInclude Include="..\Utility\IoTUtility.h">
      <Filter>Utility</Filter>
    </ClInclude>
    <ClInclude Include="..\Utility\jsFileParser.h">
      <Filter>Utility</Filter>
    </ClInclude>
    <ClInclude Include="..\Utility\jsmn.h">
      <Filter>Utility</Filter>
    </ClInclude>
    <ClInclude Include="..\Utility\thread.h">
      <Filter>Utility</Filter>
    </ClInclude>
    <ClInclude Include="..\Utility\rs232.h">
      <Filter>Utility</Filter>
    </ClInclude>
    <ClInclude Include="..\BLEBeeBroker\BLEBeeBroker.h">
      <Filter>BLEBeeBroker</Filter>
    </ClInclude>
    <ClInclude Include="..\XBeeBroker_API\XBeeApiMode.h">
      <Filter>XBeeBroker_API</Filter>
    </ClInclude>
    <ClInclude Include="..\XBeeBroker_API\XBeeBroker.h">
      <Filter>XBeeBroker_API</Filter>
    </ClInclude>
    <ClInclude Include="..\XBeeBroker_AT\XBeeBroker_AT.h">
      <Filter>XBeeBroker_AT</Filter>
    </ClInclude>
    <ClInclude Include="..\XBeeBroker_API\XBeeBroker_API.h">
      <Filter>XBeeBroker_API</Filter>
    </ClInclude>
  </ItemGroup>
</Project>